Microsoft Visual Studio Solution File, Format Version 11.00
# Visual Studio 2008

Project("{1179DA17-2F62-321F-2913-B6474F9B791C}") = "Project SpaceCube", "Assembly-CSharp.csproj", "{1593404A-123E-9076-7D41-9A74FBB37037}"
EndProject
Global
	GlobalSection(SolutionConfigurationPlatforms) = preSolution
		Debug|Any CPU = Debug|Any CPU
		Release|Any CPU = Release|Any CPU
	EndGlobalSection
	GlobalSection(ProjectConfigurationPlatforms) = postSolution
		{1593404A-123E-9076-7D41-9A74FBB37037}.Debug|Any CPU.ActiveCfg = Debug|Any CPU
		{1593404A-123E-9076-7D41-9A74FBB37037}.Debug|Any CPU.Build.0 = Debug|Any CPU
		{1593404A-123E-9076-7D41-9A74FBB37037}.Release|Any CPU.ActiveCfg = Release|Any CPU
		{1593404A-123E-9076-7D41-9A74FBB37037}.Release|Any CPU.Build.0 = Release|Any CPU
	EndGlobalSection
	GlobalSection(SolutionProperties) = preSolution
		HideSolutionNode = FALSE
	EndGlobalSection
	GlobalSection(MonoDevelopProperties) = preSolution
		StartupItem = Assembly-CSharp.csproj
	EndGlobalSection
EndGlobal
